{
  "nodes": {
    "filetype-nvim": {
      "flake": false,
      "locked": {
        "lastModified": 1654194633,
        "narHash": "sha256-B+VvgQj8akiKe+MX/dV2/mdaaqF8s2INW3phdPJ5TFA=",
        "owner": "nathom",
        "repo": "filetype.nvim",
        "rev": "b522628a45a17d58fc0073ffd64f9dc9530a8027",
        "type": "github"
      },
      "original": {
        "owner": "nathom",
        "repo": "filetype.nvim",
        "type": "github"
      }
    },
    "flake-utils": {
      "locked": {
        "lastModified": 1656928814,
        "narHash": "sha256-RIFfgBuKz6Hp89yRr7+NR5tzIAbn52h8vT6vXkYjZoM=",
        "owner": "numtide",
        "repo": "flake-utils",
        "rev": "7e2a3b3dfd9af950a856d66b0a7d01e3c18aa249",
        "type": "github"
      },
      "original": {
        "owner": "numtide",
        "repo": "flake-utils",
        "type": "github"
      }
    },
    "home-manager": {
      "inputs": {
        "nixpkgs": [
          "nixpkgs"
        ]
      },
      "locked": {
        "lastModified": 1656169755,
        "narHash": "sha256-Nlnm4jeQWEGjYrE6hxi/7HYHjBSZ/E0RtjCYifnNsWk=",
        "owner": "nix-community",
        "repo": "home-manager",
        "rev": "4a3d01fb53f52ac83194081272795aa4612c2381",
        "type": "github"
      },
      "original": {
        "owner": "nix-community",
        "ref": "release-22.05",
        "repo": "home-manager",
        "type": "github"
      }
    },
    "move-nvim": {
      "flake": false,
      "locked": {
        "lastModified": 1662668559,
        "narHash": "sha256-62EOq4txBVIPxQBJZtZWX0Vg9kKdhWlYIEqzrNmZFbw=",
        "owner": "fedepujol",
        "repo": "move.nvim",
        "rev": "859af7c9eaa0927b41e65a1990d9c3847f5e320c",
        "type": "github"
      },
      "original": {
        "owner": "fedepujol",
        "repo": "move.nvim",
        "type": "github"
      }
    },
    "nixos-unstable": {
      "locked": {
        "lastModified": 1664017330,
        "narHash": "sha256-919WZKBTxFdTkzIK6uJXE7hwSPQb7e/ekybxxWaotR4=",
        "owner": "nixos",
        "repo": "nixpkgs",
        "rev": "fde244a8c7655bc28616864e2290ad9c95409c2c",
        "type": "github"
      },
      "original": {
        "owner": "nixos",
        "ref": "nixos-unstable",
        "repo": "nixpkgs",
        "type": "github"
      }
    },
    "nixpkgs": {
      "locked": {
        "lastModified": 1661520432,
        "narHash": "sha256-9z+WDeXiu3hobvSsL0SbHDx4s+kFmm8eussySuX4zCM=",
        "owner": "nixos",
        "repo": "nixpkgs",
        "rev": "f11e12ac6af528c1ba12426ce83cee26f21ceafd",
        "type": "github"
      },
      "original": {
        "owner": "nixos",
        "ref": "release-22.05",
        "repo": "nixpkgs",
        "type": "github"
      }
    },
    "nixpkgs-unstable": {
      "locked": {
        "lastModified": 1661336769,
        "narHash": "sha256-5Sf9tMd1Jdm+lTBGspbQ4kEoYCDKpUhEVAZHRcm6mGU=",
        "owner": "nixos",
        "repo": "nixpkgs",
        "rev": "03428dbaaa23d6bf458770907b0927b377c873a8",
        "type": "github"
      },
      "original": {
        "owner": "nixos",
        "ref": "nixpkgs-unstable",
        "repo": "nixpkgs",
        "type": "github"
      }
    },
    "nixpkgs_2": {
      "locked": {
        "lastModified": 1659102345,
        "narHash": "sha256-Vbzlz254EMZvn28BhpN8JOi5EuKqnHZ3ujFYgFcSGvk=",
        "owner": "NixOS",
        "repo": "nixpkgs",
        "rev": "11b60e4f80d87794a2a4a8a256391b37c59a1ea7",
        "type": "github"
      },
      "original": {
        "owner": "NixOS",
        "ref": "nixpkgs-unstable",
        "repo": "nixpkgs",
        "type": "github"
      }
    },
    "nvim-tree-lua": {
      "flake": false,
      "locked": {
        "lastModified": 1662351758,
        "narHash": "sha256-pqnpt7wccGF5u+V6qvva+vCLugoi+jJY7rk0lXTzg20=",
        "owner": "kyazdani42",
        "repo": "nvim-tree.lua",
        "rev": "3e49d9b7484e21f0b24ebdf21b8b7af227ea97a6",
        "type": "github"
      },
      "original": {
        "owner": "kyazdani42",
        "repo": "nvim-tree.lua",
        "type": "github"
      }
    },
    "nvim-treesitter": {
      "flake": false,
      "locked": {
        "lastModified": 1653291785,
        "narHash": "sha256-7/9/jnx451zUmDeQMZczn6fCKys9mHXn7on8IEx47LQ=",
        "owner": "nvim-treesitter",
        "repo": "nvim-treesitter",
        "rev": "3e0cc6b872116d829e56629b442526e057e5724e",
        "type": "github"
      },
      "original": {
        "owner": "nvim-treesitter",
        "repo": "nvim-treesitter",
        "rev": "3e0cc6b872116d829e56629b442526e057e5724e",
        "type": "github"
      }
    },
    "root": {
      "inputs": {
        "filetype-nvim": "filetype-nvim",
        "home-manager": "home-manager",
        "move-nvim": "move-nvim",
        "nixos-unstable": "nixos-unstable",
        "nixpkgs": "nixpkgs",
        "nixpkgs-unstable": "nixpkgs-unstable",
        "nvim-tree-lua": "nvim-tree-lua",
        "nvim-treesitter": "nvim-treesitter",
        "rust-overlay": "rust-overlay",
        "spellsitter-nvim": "spellsitter-nvim",
        "trim-nvim": "trim-nvim"
      }
    },
    "rust-overlay": {
      "inputs": {
        "flake-utils": "flake-utils",
        "nixpkgs": "nixpkgs_2"
      },
      "locked": {
        "lastModified": 1665284400,
        "narHash": "sha256-t+HKmYgXPfOduswQGtXDUVHqcAyOw/WUUUEMN/m4LKU=",
        "owner": "oxalica",
        "repo": "rust-overlay",
        "rev": "440a5c8ba3d025a8e3f787ebd7e7b8091964e064",
        "type": "github"
      },
      "original": {
        "owner": "oxalica",
        "repo": "rust-overlay",
        "type": "github"
      }
    },
    "spellsitter-nvim": {
      "flake": false,
      "locked": {
        "lastModified": 1662462015,
        "narHash": "sha256-GvNrHog/A/Mo9U97uLE/tOF29h82bc4Lnvyd8NwLntQ=",
        "owner": "lewis6991",
        "repo": "spellsitter.nvim",
        "rev": "4af8640d9d706447e78c13150ef7475ea2c16b30",
        "type": "github"
      },
      "original": {
        "owner": "lewis6991",
        "repo": "spellsitter.nvim",
        "type": "github"
      }
    },
    "trim-nvim": {
      "flake": false,
      "locked": {
        "lastModified": 1655414617,
        "narHash": "sha256-fNV+ZHKU9Vn1bHw4dK4UU1MUYscPLxXLiL5on0cqrFM=",
        "owner": "cappyzawa",
        "repo": "trim.nvim",
        "rev": "ab366eb0dd7b3faeaf90a0ec40c993ff18d8c068",
        "type": "github"
      },
      "original": {
        "owner": "cappyzawa",
        "repo": "trim.nvim",
        "type": "github"
      }
    }
  },
  "root": "root",
  "version": 7
}
